
Microsoft Visual Studio Solution File, Format Version 10.00
# Visual Studio 2008
Project("{8BC9CEB8-8B4A-11D0-8D11-00A0C91BC942}") = "launcher", "launcher\launcher.vcproj", "{312FE97F-C89A-448B-9638-B0CD64D81C78}"
EndProject
Project("{8BC9CEB8-8B4A-11D0-8D11-00A0C91BC942}") = "whitebox", "whitebox.vcproj", "{BA90963A-1C66-488C-AD42-92F9A95E9E3C}"
EndProject
Global
	GlobalSection(SolutionConfigurationPlatforms) = preSolution
		Debug|Win32 = Debug|Win32
		Release|Win32 = Release|Win32
	EndGlobalSection
	GlobalSection(ProjectConfigurationPlatforms) = postSolution
		{312FE97F-C89A-448B-9638-B0CD64D81C78}.Debug|Win32.ActiveCfg = Debug|Win32
		{312FE97F-C89A-448B-9638-B0CD64D81C78}.Debug|Win32.Build.0 = Debug|Win32
		{312FE97F-C89A-448B-9638-B0CD64D81C78}.Release|Win32.ActiveCfg = Release|Win32
		{312FE97F-C89A-448B-9638-B0CD64D81C78}.Release|Win32.Build.0 = Release|Win32
		{BA90963A-1C66-488C-AD42-92F9A95E9E3C}.Debug|Win32.ActiveCfg = Debug|Win32
		{BA90963A-1C66-488C-AD42-92F9A95E9E3C}.Debug|Win32.Build.0 = Debug|Win32
		{BA90963A-1C66-488C-AD42-92F9A95E9E3C}.Release|Win32.ActiveCfg = Release|Win32
		{BA90963A-1C66-488C-AD42-92F9A95E9E3C}.Release|Win32.Build.0 = Release|Win32
	EndGlobalSection
	GlobalSection(SolutionProperties) = preSolution
		HideSolutionNode = FALSE
	EndGlobalSection
EndGlobal
