
Microsoft Visual Studio Solution File, Format Version 10.00
# Visual Studio 2008
Project("{8BC9CEB8-8B4A-11D0-8D11-00A0C91BC942}") = "sha1", "sha1.vcproj", "{34583DC5-F4B5-4D0A-9B4A-EE39C2E6AE25}"
EndProject
Global
	GlobalSection(SolutionConfigurationPlatforms) = preSolution
		Debug|Win32 = Debug|Win32
		Release|Win32 = Release|Win32
	EndGlobalSection
	GlobalSection(ProjectConfigurationPlatforms) = postSolution
		{34583DC5-F4B5-4D0A-9B4A-EE39C2E6AE25}.Debug|Win32.ActiveCfg = Debug|Win32
		{34583DC5-F4B5-4D0A-9B4A-EE39C2E6AE25}.Debug|Win32.Build.0 = Debug|Win32
		{34583DC5-F4B5-4D0A-9B4A-EE39C2E6AE25}.Release|Win32.ActiveCfg = Release|Win32
		{34583DC5-F4B5-4D0A-9B4A-EE39C2E6AE25}.Release|Win32.Build.0 = Release|Win32
	EndGlobalSection
	GlobalSection(SolutionProperties) = preSolution
		HideSolutionNode = FALSE
	EndGlobalSection
EndGlobal
