
Microsoft Visual Studio Solution File, Format Version 10.00
# Visual Studio 2008
Project("{8BC9CEB8-8B4A-11D0-8D11-00A0C91BC942}") = "vasm", "vasm\vasm.vcproj", "{D628D9FA-7F64-494F-9E51-E005A46806CF}"
EndProject
Project("{8BC9CEB8-8B4A-11D0-8D11-00A0C91BC942}") = "VDebug", "vdebug\VDebug.vcproj", "{11AEDF6C-F889-4757-99AD-2DE64FEB5C31}"
EndProject
Project("{8BC9CEB8-8B4A-11D0-8D11-00A0C91BC942}") = "vvm", "vvm\vvm.vcproj", "{153E8681-E716-4EA3-B4C2-FD93E82B519C}"
EndProject
Project("{8BC9CEB8-8B4A-11D0-8D11-00A0C91BC942}") = "vvmmc", "vvmmc\vvmmc.vcproj", "{67445613-FA49-4DB1-9153-2315A273165E}"
EndProject
Project("{8BC9CEB8-8B4A-11D0-8D11-00A0C91BC942}") = "vvmoss", "vvmoss\vvmoss.vcproj", "{A3368817-54CB-4520-8057-71EFCE0D98D7}"
EndProject
Project("{8BC9CEB8-8B4A-11D0-8D11-00A0C91BC942}") = "vvm_plugin_sound", "plugins\sound\sound.vcproj", "{8D1B2D7D-3C21-4747-9AFA-03B15B44A39E}"
EndProject
Project("{8BC9CEB8-8B4A-11D0-8D11-00A0C91BC942}") = "whitebox", "..\apps\whitebox\whitebox.vcproj", "{BA90963A-1C66-488C-AD42-92F9A95E9E3C}"
EndProject
Project("{8BC9CEB8-8B4A-11D0-8D11-00A0C91BC942}") = "whiteboxLauncher", "..\apps\whitebox\launcher\launcher.vcproj", "{312FE97F-C89A-448B-9638-B0CD64D81C78}"
EndProject
Project("{8BC9CEB8-8B4A-11D0-8D11-00A0C91BC942}") = "whiteboxenu", "..\apps\whitebox\whiteboxenu\whiteboxenu.vcproj", "{8BB60A55-C814-48E3-95C7-EC460BFE299C}"
EndProject
Project("{8BC9CEB8-8B4A-11D0-8D11-00A0C91BC942}") = "vvmt_core", "vvmtests\vvmt_core\vvmt_core.vcproj", "{2A9A8478-654D-49A6-9940-24FF5DE94BE0}"
EndProject
Project("{8BC9CEB8-8B4A-11D0-8D11-00A0C91BC942}") = "wideedit", "plugins\wideedit\wideedit\wideedit.vcproj", "{672982BC-73C8-4EF1-B9B5-B6FDDE566293}"
EndProject
Global
	GlobalSection(SolutionConfigurationPlatforms) = preSolution
		debug_vasm|Win32 = debug_vasm|Win32
		Debug|Win32 = Debug|Win32
		Release|Win32 = Release|Win32
	EndGlobalSection
	GlobalSection(ProjectConfigurationPlatforms) = postSolution
		{D628D9FA-7F64-494F-9E51-E005A46806CF}.debug_vasm|Win32.ActiveCfg = debug_vasm|Win32
		{D628D9FA-7F64-494F-9E51-E005A46806CF}.debug_vasm|Win32.Build.0 = debug_vasm|Win32
		{D628D9FA-7F64-494F-9E51-E005A46806CF}.Debug|Win32.ActiveCfg = Debug|Win32
		{D628D9FA-7F64-494F-9E51-E005A46806CF}.Debug|Win32.Build.0 = Debug|Win32
		{D628D9FA-7F64-494F-9E51-E005A46806CF}.Release|Win32.ActiveCfg = Release|Win32
		{D628D9FA-7F64-494F-9E51-E005A46806CF}.Release|Win32.Build.0 = Release|Win32
		{11AEDF6C-F889-4757-99AD-2DE64FEB5C31}.debug_vasm|Win32.ActiveCfg = debug_vasm|Win32
		{11AEDF6C-F889-4757-99AD-2DE64FEB5C31}.debug_vasm|Win32.Build.0 = debug_vasm|Win32
		{11AEDF6C-F889-4757-99AD-2DE64FEB5C31}.Debug|Win32.ActiveCfg = Debug|Win32
		{11AEDF6C-F889-4757-99AD-2DE64FEB5C31}.Debug|Win32.Build.0 = Debug|Win32
		{11AEDF6C-F889-4757-99AD-2DE64FEB5C31}.Release|Win32.ActiveCfg = Release|Win32
		{11AEDF6C-F889-4757-99AD-2DE64FEB5C31}.Release|Win32.Build.0 = Release|Win32
		{153E8681-E716-4EA3-B4C2-FD93E82B519C}.debug_vasm|Win32.ActiveCfg = debug_vasm|Win32
		{153E8681-E716-4EA3-B4C2-FD93E82B519C}.debug_vasm|Win32.Build.0 = debug_vasm|Win32
		{153E8681-E716-4EA3-B4C2-FD93E82B519C}.Debug|Win32.ActiveCfg = Debug|Win32
		{153E8681-E716-4EA3-B4C2-FD93E82B519C}.Debug|Win32.Build.0 = Debug|Win32
		{153E8681-E716-4EA3-B4C2-FD93E82B519C}.Release|Win32.ActiveCfg = Release|Win32
		{153E8681-E716-4EA3-B4C2-FD93E82B519C}.Release|Win32.Build.0 = Release|Win32
		{67445613-FA49-4DB1-9153-2315A273165E}.debug_vasm|Win32.ActiveCfg = debug_vasm|Win32
		{67445613-FA49-4DB1-9153-2315A273165E}.debug_vasm|Win32.Build.0 = debug_vasm|Win32
		{67445613-FA49-4DB1-9153-2315A273165E}.Debug|Win32.ActiveCfg = Debug|Win32
		{67445613-FA49-4DB1-9153-2315A273165E}.Debug|Win32.Build.0 = Debug|Win32
		{67445613-FA49-4DB1-9153-2315A273165E}.Release|Win32.ActiveCfg = Release|Win32
		{67445613-FA49-4DB1-9153-2315A273165E}.Release|Win32.Build.0 = Release|Win32
		{A3368817-54CB-4520-8057-71EFCE0D98D7}.debug_vasm|Win32.ActiveCfg = debug_vasm|Win32
		{A3368817-54CB-4520-8057-71EFCE0D98D7}.debug_vasm|Win32.Build.0 = debug_vasm|Win32
		{A3368817-54CB-4520-8057-71EFCE0D98D7}.Debug|Win32.ActiveCfg = Debug|Win32
		{A3368817-54CB-4520-8057-71EFCE0D98D7}.Debug|Win32.Build.0 = Debug|Win32
		{A3368817-54CB-4520-8057-71EFCE0D98D7}.Release|Win32.ActiveCfg = Release|Win32
		{A3368817-54CB-4520-8057-71EFCE0D98D7}.Release|Win32.Build.0 = Release|Win32
		{8D1B2D7D-3C21-4747-9AFA-03B15B44A39E}.debug_vasm|Win32.ActiveCfg = Debug|Win32
		{8D1B2D7D-3C21-4747-9AFA-03B15B44A39E}.debug_vasm|Win32.Build.0 = Debug|Win32
		{8D1B2D7D-3C21-4747-9AFA-03B15B44A39E}.Debug|Win32.ActiveCfg = Debug|Win32
		{8D1B2D7D-3C21-4747-9AFA-03B15B44A39E}.Debug|Win32.Build.0 = Debug|Win32
		{8D1B2D7D-3C21-4747-9AFA-03B15B44A39E}.Release|Win32.ActiveCfg = Release|Win32
		{8D1B2D7D-3C21-4747-9AFA-03B15B44A39E}.Release|Win32.Build.0 = Release|Win32
		{BA90963A-1C66-488C-AD42-92F9A95E9E3C}.debug_vasm|Win32.ActiveCfg = Debug|Win32
		{BA90963A-1C66-488C-AD42-92F9A95E9E3C}.debug_vasm|Win32.Build.0 = Debug|Win32
		{BA90963A-1C66-488C-AD42-92F9A95E9E3C}.Debug|Win32.ActiveCfg = Debug|Win32
		{BA90963A-1C66-488C-AD42-92F9A95E9E3C}.Debug|Win32.Build.0 = Debug|Win32
		{BA90963A-1C66-488C-AD42-92F9A95E9E3C}.Release|Win32.ActiveCfg = Release|Win32
		{BA90963A-1C66-488C-AD42-92F9A95E9E3C}.Release|Win32.Build.0 = Release|Win32
		{312FE97F-C89A-448B-9638-B0CD64D81C78}.debug_vasm|Win32.ActiveCfg = Debug|Win32
		{312FE97F-C89A-448B-9638-B0CD64D81C78}.debug_vasm|Win32.Build.0 = Debug|Win32
		{312FE97F-C89A-448B-9638-B0CD64D81C78}.Debug|Win32.ActiveCfg = Debug|Win32
		{312FE97F-C89A-448B-9638-B0CD64D81C78}.Debug|Win32.Build.0 = Debug|Win32
		{312FE97F-C89A-448B-9638-B0CD64D81C78}.Release|Win32.ActiveCfg = Release|Win32
		{312FE97F-C89A-448B-9638-B0CD64D81C78}.Release|Win32.Build.0 = Release|Win32
		{8BB60A55-C814-48E3-95C7-EC460BFE299C}.debug_vasm|Win32.ActiveCfg = Debug|Win32
		{8BB60A55-C814-48E3-95C7-EC460BFE299C}.debug_vasm|Win32.Build.0 = Debug|Win32
		{8BB60A55-C814-48E3-95C7-EC460BFE299C}.Debug|Win32.ActiveCfg = Debug|Win32
		{8BB60A55-C814-48E3-95C7-EC460BFE299C}.Debug|Win32.Build.0 = Debug|Win32
		{8BB60A55-C814-48E3-95C7-EC460BFE299C}.Release|Win32.ActiveCfg = Release|Win32
		{8BB60A55-C814-48E3-95C7-EC460BFE299C}.Release|Win32.Build.0 = Release|Win32
		{2A9A8478-654D-49A6-9940-24FF5DE94BE0}.debug_vasm|Win32.ActiveCfg = Debug|Win32
		{2A9A8478-654D-49A6-9940-24FF5DE94BE0}.debug_vasm|Win32.Build.0 = Debug|Win32
		{2A9A8478-654D-49A6-9940-24FF5DE94BE0}.Debug|Win32.ActiveCfg = Debug|Win32
		{2A9A8478-654D-49A6-9940-24FF5DE94BE0}.Debug|Win32.Build.0 = Debug|Win32
		{2A9A8478-654D-49A6-9940-24FF5DE94BE0}.Release|Win32.ActiveCfg = Release|Win32
		{2A9A8478-654D-49A6-9940-24FF5DE94BE0}.Release|Win32.Build.0 = Release|Win32
		{672982BC-73C8-4EF1-B9B5-B6FDDE566293}.debug_vasm|Win32.ActiveCfg = Debug|Win32
		{672982BC-73C8-4EF1-B9B5-B6FDDE566293}.debug_vasm|Win32.Build.0 = Debug|Win32
		{672982BC-73C8-4EF1-B9B5-B6FDDE566293}.Debug|Win32.ActiveCfg = Debug|Win32
		{672982BC-73C8-4EF1-B9B5-B6FDDE566293}.Debug|Win32.Build.0 = Debug|Win32
		{672982BC-73C8-4EF1-B9B5-B6FDDE566293}.Release|Win32.ActiveCfg = Release|Win32
		{672982BC-73C8-4EF1-B9B5-B6FDDE566293}.Release|Win32.Build.0 = Release|Win32
	EndGlobalSection
	GlobalSection(SolutionProperties) = preSolution
		HideSolutionNode = FALSE
	EndGlobalSection
EndGlobal
